// !$*UTF8*$!
{
	archiveVersion = 1;
	classes = {
	};
	objectVersion = 46;
	objects = {

/* Begin PBXBuildFile section */
		AED5351A1A6F903500F27206 /* main.m in Sources */ = {isa = PBXBuildFile; fileRef = AED535191A6F903500F27206 /* main.m */; };
		AED5351D1A6F903500F27206 /* AppDelegate.m in Sources */ = {isa = PBXBuildFile; fileRef = AED5351C1A6F903500F27206 /* AppDelegate.m */; };
		AED535201A6F903500F27206 /* ViewController.m in Sources */ = {isa = PBXBuildFile; fileRef = AED5351F1A6F903500F27206 /* ViewController.m */; };
		AED535231A6F903500F27206 /* Main.storyboard in Resources */ = {isa = PBXBuildFile; fileRef = AED535211A6F903500F27206 /* Main.storyboard */; };
		AED535251A6F903500F27206 /* Images.xcassets in Resources */ = {isa = PBXBuildFile; fileRef = AED535241A6F903500F27206 /* Images.xcassets */; };
		AED535281A6F903500F27206 /* LaunchScreen.xib in Resources */ = {isa = PBXBuildFile; fileRef = AED535261A6F903500F27206 /* LaunchScreen.xib */; };
		AED535341A6F903500F27206 /* DatePickerDemoTests.m in Sources */ = {isa = PBXBuildFile; fileRef = AED535331A6F903500F27206 /* DatePickerDemoTests.m */; };
		AED5353F1A6F90B700F27206 /* DateController.m in Sources */ = {isa = PBXBuildFile; fileRef = AED5353E1A6F90B700F27206 /* DateController.m */; };
/* End PBXBuildFile section */

/* Begin PBXContainerItemProxy section */
		AED5352E1A6F903500F27206 /* PBXContainerItemProxy */ = {
			isa = PBXContainerItemProxy;
			containerPortal = AED5350C1A6F903500F27206 /* Project object */;
			proxyType = 1;
			remoteGlobalIDString = AED535131A6F903500F27206;
			remoteInfo = DatePickerDemo;
		};
/* End PBXContainerItemProxy section */

/* Begin PBXFileReference section */
		AED535141A6F903500F27206 /* DatePickerDemo.app */ = {isa = PBXFileReference; explicitFileType = wrapper.application; includeInIndex = 0; path = DatePickerDemo.app; sourceTree = BUILT_PRODUCTS_DIR; };
		AED535181A6F903500F27206 /* Info.plist */ = {isa = PBXFileReference; lastKnownFileType = text.plist.xml; path = Info.plist; sourceTree = "<group>"; };
		AED535191A6F903500F27206 /* main.m */ = {isa = PBXFileReference; lastKnownFileType = sourcecode.c.objc; path = main.m; sourceTree = "<group>"; };
		AED5351B1A6F903500F27206 /* AppDelegate.h */ = {isa = PBXFileReference; lastKnownFileType = sourcecode.c.h; path = AppDelegate.h; sourceTree = "<group>"; };
		AED5351C1A6F903500F27206 /* AppDelegate.m */ = {isa = PBXFileReference; lastKnownFileType = sourcecode.c.objc; path = AppDelegate.m; sourceTree = "<group>"; };
		AED5351E1A6F903500F27206 /* ViewController.h */ = {isa = PBXFileReference; lastKnownFileType = sourcecode.c.h; path = ViewController.h; sourceTree = "<group>"; };
		AED5351F1A6F903500F27206 /* ViewController.m */ = {isa = PBXFileReference; lastKnownFileType = sourcecode.c.objc; path = ViewController.m; sourceTree = "<group>"; };
		AED535221A6F903500F27206 /* Base */ = {isa = PBXFileReference; lastKnownFileType = file.storyboard; name = Base; path = Base.lproj/Main.storyboard; sourceTree = "<group>"; };
		AED535241A6F903500F27206 /* Images.xcassets */ = {isa = PBXFileReference; lastKnownFileType = folder.assetcatalog; path = Images.xcassets; sourceTree = "<group>"; };
		AED535271A6F903500F27206 /* Base */ = {isa = PBXFileReference; lastKnownFileType = file.xib; name = Base; path = Base.lproj/LaunchScreen.xib; sourceTree = "<group>"; };
		AED5352D1A6F903500F27206 /* DatePickerDemoTests.xctest */ = {isa = PBXFileReference; explicitFileType = wrapper.cfbundle; includeInIndex = 0; path = DatePickerDemoTests.xctest; sourceTree = BUILT_PRODUCTS_DIR; };
		AED535321A6F903500F27206 /* Info.plist */ = {isa = PBXFileReference; lastKnownFileType = text.plist.xml; path = Info.plist; sourceTree = "<group>"; };
		AED535331A6F903500F27206 /* DatePickerDemoTests.m */ = {isa = PBXFileReference; lastKnownFileType = sourcecode.c.objc; path = DatePickerDemoTests.m; sourceTree = "<group>"; };
		AED5353D1A6F90B700F27206 /* DateController.h */ = {isa = PBXFileReference; fileEncoding = 4; lastKnownFileType = sourcecode.c.h; path = DateController.h; sourceTree = "<group>"; };
		AED5353E1A6F90B700F27206 /* DateController.m */ = {isa = PBXFileReference; fileEncoding = 4; lastKnownFileType = sourcecode.c.objc; path = DateController.m; sourceTree = "<group>"; };
/* End PBXFileReference section */

/* Begin PBXFrameworksBuildPhase section */
		AED535111A6F903500F27206 /* Frameworks */ = {
			isa = PBXFrameworksBuildPhase;
			buildActionMask = 2147483647;
			files = (
			);
			runOnlyForDeploymentPostprocessing = 0;
		};
		AED5352A1A6F903500F27206 /* Frameworks */ = {
			isa = PBXFrameworksBuildPhase;
			buildActionMask = 2147483647;
			files = (
			);
			runOnlyForDeploymentPostprocessing = 0;
		};
/* End PBXFrameworksBuildPhase section */

/* Begin PBXGroup section */
		AED5350B1A6F903500F27206 = {
			isa = PBXGroup;
			children = (
				AED535161A6F903500F27206 /* DatePickerDemo */,
				AED535301A6F903500F27206 /* DatePickerDemoTests */,
				AED535151A6F903500F27206 /* Products */,
			);
			sourceTree = "<group>";
		};
		AED535151A6F903500F27206 /* Products */ = {
			isa = PBXGroup;
			children = (
				AED535141A6F903500F27206 /* DatePickerDemo.app */,
				AED5352D1A6F903500F27206 /* DatePickerDemoTests.xctest */,
			);
			name = Products;
			sourceTree = "<group>";
		};
		AED535161A6F903500F27206 /* DatePickerDemo */ = {
			isa = PBXGroup;
			children = (
				AED5353D1A6F90B700F27206 /* DateController.h */,
				AED5353E1A6F90B700F27206 /* DateController.m */,
				AED5351B1A6F903500F27206 /* AppDelegate.h */,
				AED5351C1A6F903500F27206 /* AppDelegate.m */,
				AED5351E1A6F903500F27206 /* ViewController.h */,
				AED5351F1A6F903500F27206 /* ViewController.m */,
				AED535211A6F903500F27206 /* Main.storyboard */,
				AED535241A6F903500F27206 /* Images.xcassets */,
				AED535261A6F903500F27206 /* LaunchScreen.xib */,
				AED535171A6F903500F27206 /* Supporting Files */,
			);
			path = DatePickerDemo;
			sourceTree = "<group>";
		};
		AED535171A6F903500F27206 /* Supporting Files */ = {
			isa = PBXGroup;
			children = (
				AED535181A6F903500F27206 /* Info.plist */,
				AED535191A6F903500F27206 /* main.m */,
			);
			name = "Supporting Files";
			sourceTree = "<group>";
		};
		AED535301A6F903500F27206 /* DatePickerDemoTests */ = {
			isa = PBXGroup;
			children = (
				AED535331A6F903500F27206 /* DatePickerDemoTests.m */,
				AED535311A6F903500F27206 /* Supporting Files */,
			);
			path = DatePickerDemoTests;
			sourceTree = "<group>";
		};
		AED535311A6F903500F27206 /* Supporting Files */ = {
			isa = PBXGroup;
			children = (
				AED535321A6F903500F27206 /* Info.plist */,
			);
			name = "Supporting Files";
			sourceTree = "<group>";
		};
/* End PBXGroup section */

/* Begin PBXNativeTarget section */
		AED535131A6F903500F27206 /* DatePickerDemo */ = {
			isa = PBXNativeTarget;
			buildConfigurationList = AED535371A6F903500F27206 /* Build configuration list for PBXNativeTarget "DatePickerDemo" */;
			buildPhases = (
				AED535101A6F903500F27206 /* Sources */,
				AED535111A6F903500F27206 /* Frameworks */,
				AED535121A6F903500F27206 /* Resources */,
			);
			buildRules = (
			);
			dependencies = (
			);
			name = DatePickerDemo;
			productName = DatePickerDemo;
			productReference = AED535141A6F903500F27206 /* DatePickerDemo.app */;
			productType = "com.apple.product-type.application";
		};
		AED5352C1A6F903500F27206 /* DatePickerDemoTests */ = {
			isa = PBXNativeTarget;
			buildConfigurationList = AED5353A1A6F903500F27206 /* Build configuration list for PBXNativeTarget "DatePickerDemoTests" */;
			buildPhases = (
				AED535291A6F903500F27206 /* Sources */,
				AED5352A1A6F903500F27206 /* Frameworks */,
				AED5352B1A6F903500F27206 /* Resources */,
			);
			buildRules = (
			);
			dependencies = (
				AED5352F1A6F903500F27206 /* PBXTargetDependency */,
			);
			name = DatePickerDemoTests;
			productName = DatePickerDemoTests;
			productReference = AED5352D1A6F903500F27206 /* DatePickerDemoTests.xctest */;
			productType = "com.apple.product-type.bundle.unit-test";
		};
/* End PBXNativeTarget section */

/* Begin PBXProject section */
		AED5350C1A6F903500F27206 /* Project object */ = {
			isa = PBXProject;
			attributes = {
				LastUpgradeCheck = 0610;
				ORGANIZATIONNAME = Meritnation;
				TargetAttributes = {
					AED535131A6F903500F27206 = {
						CreatedOnToolsVersion = 6.1.1;
					};
					AED5352C1A6F903500F27206 = {
						CreatedOnToolsVersion = 6.1.1;
						TestTargetID = AED535131A6F903500F27206;
					};
				};
			};
			buildConfigurationList = AED5350F1A6F903500F27206 /* Build configuration list for PBXProject "DatePickerDemo" */;
			compatibilityVersion = "Xcode 3.2";
			developmentRegion = English;
			hasScannedForEncodings = 0;
			knownRegions = (
				en,
				Base,
			);
			mainGroup = AED5350B1A6F903500F27206;
			productRefGroup = AED535151A6F903500F27206 /* Products */;
			projectDirPath = "";
			projectRoot = "";
			targets = (
				AED535131A6F903500F27206 /* DatePickerDemo */,
				AED5352C1A6F903500F27206 /* DatePickerDemoTests */,
			);
		};
/* End PBXProject section */

/* Begin PBXResourcesBuildPhase section */
		AED535121A6F903500F27206 /* Resources */ = {
			isa = PBXResourcesBuildPhase;
			buildActionMask = 2147483647;
			files = (
				AED535231A6F903500F27206 /* Main.storyboard in Resources */,
				AED535281A6F903500F27206 /* LaunchScreen.xib in Resources */,
				AED535251A6F903500F27206 /* Images.xcassets in Resources */,
			);
			runOnlyForDeploymentPostprocessing = 0;
		};
		AED5352B1A6F903500F27206 /* Resources */ = {
			isa = PBXResourcesBuildPhase;
			buildActionMask = 2147483647;
			files = (
			);
			runOnlyForDeploymentPostprocessing = 0;
		};
/* End PBXResourcesBuildPhase section */

/* Begin PBXSourcesBuildPhase section */
		AED535101A6F903500F27206 /* Sources */ = {
			isa = PBXSourcesBuildPhase;
			buildActionMask = 2147483647;
			files = (
				AED535201A6F903500F27206 /* ViewController.m in Sources */,
				AED5353F1A6F90B700F27206 /* DateController.m in Sources */,
				AED5351D1A6F903500F27206 /* AppDelegate.m in Sources */,
				AED5351A1A6F903500F27206 /* main.m in Sources */,
			);
			runOnlyForDeploymentPostprocessing = 0;
		};
		AED535291A6F903500F27206 /* Sources */ = {
			isa = PBXSourcesBuildPhase;
			buildActionMask = 2147483647;
			files = (
				AED535341A6F903500F27206 /* DatePickerDemoTests.m in Sources */,
			);
			runOnlyForDeploymentPostprocessing = 0;
		};
/* End PBXSourcesBuildPhase section */

/* Begin PBXTargetDependency section */
		AED5352F1A6F903500F27206 /* PBXTargetDependency */ = {
			isa = PBXTargetDependency;
			target = AED535131A6F903500F27206 /* DatePickerDemo */;
			targetProxy = AED5352E1A6F903500F27206 /* PBXContainerItemProxy */;
		};
/* End PBXTargetDependency section */

/* Begin PBXVariantGroup section */
		AED535211A6F903500F27206 /* Main.storyboard */ = {
			isa = PBXVariantGroup;
			children = (
				AED535221A6F903500F27206 /* Base */,
			);
			name = Main.storyboard;
			sourceTree = "<group>";
		};
		AED535261A6F903500F27206 /* LaunchScreen.xib */ = {
			isa = PBXVariantGroup;
			children = (
				AED535271A6F903500F27206 /* Base */,
			);
			name = LaunchScreen.xib;
			sourceTree = "<group>";
		};
/* End PBXVariantGroup section */

/* Begin XCBuildConfiguration section */
		AED535351A6F903500F27206 /* Debug */ = {
			isa = XCBuildConfiguration;
			buildSettings = {
				ALWAYS_SEARCH_USER_PATHS = NO;
				CLANG_CXX_LANGUAGE_STANDARD = "gnu++0x";
				CLANG_CXX_LIBRARY = "libc++";
				CLANG_ENABLE_MODULES = YES;
				CLANG_ENABLE_OBJC_ARC = YES;
				CLANG_WARN_BOOL_CONVERSION = YES;
				CLANG_WARN_CONSTANT_CONVERSION = YES;
				CLANG_WARN_DIRECT_OBJC_ISA_USAGE = YES_ERROR;
				CLANG_WARN_EMPTY_BODY = YES;
				CLANG_WARN_ENUM_CONVERSION = YES;
				CLANG_WARN_INT_CONVERSION = YES;
				CLANG_WARN_OBJC_ROOT_CLASS = YES_ERROR;
				CLANG_WARN_UNREACHABLE_CODE = YES;
				CLANG_WARN__DUPLICATE_METHOD_MATCH = YES;
				"CODE_SIGN_IDENTITY[sdk=iphoneos*]" = "iPhone Developer";
				COPY_PHASE_STRIP = NO;
				ENABLE_STRICT_OBJC_MSGSEND = YES;
				GCC_C_LANGUAGE_STANDARD = gnu99;
				GCC_DYNAMIC_NO_PIC = NO;
				GCC_OPTIMIZATION_LEVEL = 0;
				GCC_PREPROCESSOR_DEFINITIONS = (
					"DEBUG=1",
					"$(inherited)",
				);
				GCC_SYMBOLS_PRIVATE_EXTERN = NO;
				GCC_WARN_64_TO_32_BIT_CONVERSION = YES;
				GCC_WARN_ABOUT_RETURN_TYPE = YES_ERROR;
				GCC_WARN_UNDECLARED_SELECTOR = YES;
				GCC_WARN_UNINITIALIZED_AUTOS = YES_AGGRESSIVE;
				GCC_WARN_UNUSED_FUNCTION = YES;
				GCC_WARN_UNUSED_VARIABLE = YES;
				IPHONEOS_DEPLOYMENT_TARGET = 8.1;
				MTL_ENABLE_DEBUG_INFO = YES;
				ONLY_ACTIVE_ARCH = YES;
				SDKROOT = iphoneos;
			};
			name = Debug;
		};
		AED535361A6F903500F27206 /* Release */ = {
			isa = XCBuildConfiguration;
			buildSettings = {
				ALWAYS_SEARCH_USER_PATHS = NO;
				CLANG_CXX_LANGUAGE_STANDARD = "gnu++0x";
				CLANG_CXX_LIBRARY = "libc++";
				CLANG_ENABLE_MODULES = YES;
				CLANG_ENABLE_OBJC_ARC = YES;
				CLANG_WARN_BOOL_CONVERSION = YES;
				CLANG_WARN_CONSTANT_CONVERSION = YES;
				CLANG_WARN_DIRECT_OBJC_ISA_USAGE = YES_ERROR;
				CLANG_WARN_EMPTY_BODY = YES;
				CLANG_WARN_ENUM_CONVERSION = YES;
				CLANG_WARN_INT_CONVERSION = YES;
				CLANG_WARN_OBJC_ROOT_CLASS = YES_ERROR;
				CLANG_WARN_UNREACHABLE_CODE = YES;
				CLANG_WARN__DUPLICATE_METHOD_MATCH = YES;
				"CODE_SIGN_IDENTITY[sdk=iphoneos*]" = "iPhone Developer";
				COPY_PHASE_STRIP = YES;
				ENABLE_NS_ASSERTIONS = NO;
				ENABLE_STRICT_OBJC_MSGSEND = YES;
				GCC_C_LANGUAGE_STANDARD = gnu99;
				GCC_WARN_64_TO_32_BIT_CONVERSION = YES;
				GCC_WARN_ABOUT_RETURN_TYPE = YES_ERROR;
				GCC_WARN_UNDECLARED_SELECTOR = YES;
				GCC_WARN_UNINITIALIZED_AUTOS = YES_AGGRESSIVE;
				GCC_WARN_UNUSED_FUNCTION = YES;
				GCC_WARN_UNUSED_VARIABLE = YES;
				IPHONEOS_DEPLOYMENT_TARGET = 8.1;
				MTL_ENABLE_DEBUG_INFO = NO;
				SDKROOT = iphoneos;
				VALIDATE_PRODUCT = YES;
			};
			name = Release;
		};
		AED535381A6F903500F27206 /* Debug */ = {
			isa = XCBuildConfiguration;
			buildSettings = {
				ASSETCATALOG_COMPILER_APPICON_NAME = AppIcon;
				INFOPLIST_FILE = DatePickerDemo/Info.plist;
				IPHONEOS_DEPLOYMENT_TARGET = 6.0;
				LD_RUNPATH_SEARCH_PATHS = "$(inherited) @executable_path/Frameworks";
				PRODUCT_NAME = "$(TARGET_NAME)";
				TARGETED_DEVICE_FAMILY = "1,2";
			};
			name = Debug;
		};
		AED535391A6F903500F27206 /* Release */ = {
			isa = XCBuildConfiguration;
			buildSettings = {
				ASSETCATALOG_COMPILER_APPICON_NAME = AppIcon;
				INFOPLIST_FILE = DatePickerDemo/Info.plist;
				IPHONEOS_DEPLOYMENT_TARGET = 6.0;
				LD_RUNPATH_SEARCH_PATHS = "$(inherited) @executable_path/Frameworks";
				PRODUCT_NAME = "$(TARGET_NAME)";
				TARGETED_DEVICE_FAMILY = "1,2";
			};
			name = Release;
		};
		AED5353B1A6F903500F27206 /* Debug */ = {
			isa = XCBuildConfiguration;
			buildSettings = {
				BUNDLE_LOADER = "$(TEST_HOST)";
				FRAMEWORK_SEARCH_PATHS = (
					"$(SDKROOT)/Developer/Library/Frameworks",
					"$(inherited)",
				);
				GCC_PREPROCESSOR_DEFINITIONS = (
					"DEBUG=1",
					"$(inherited)",
				);
				INFOPLIST_FILE = DatePickerDemoTests/Info.plist;
				LD_RUNPATH_SEARCH_PATHS = "$(inherited) @executable_path/Frameworks @loader_path/Frameworks";
				PRODUCT_NAME = "$(TARGET_NAME)";
				TEST_HOST = "$(BUILT_PRODUCTS_DIR)/DatePickerDemo.app/DatePickerDemo";
			};
			name = Debug;
		};
		AED5353C1A6F903500F27206 /* Release */ = {
			isa = XCBuildConfiguration;
			buildSettings = {
				BUNDLE_LOADER = "$(TEST_HOST)";
				FRAMEWORK_SEARCH_PATHS = (
					"$(SDKROOT)/Developer/Library/Frameworks",
					"$(inherited)",
				);
				INFOPLIST_FILE = DatePickerDemoTests/Info.plist;
				LD_RUNPATH_SEARCH_PATHS = "$(inherited) @executable_path/Frameworks @loader_path/Frameworks";
				PRODUCT_NAME = "$(TARGET_NAME)";
				TEST_HOST = "$(BUILT_PRODUCTS_DIR)/DatePickerDemo.app/DatePickerDemo";
			};
			name = Release;
		};
/* End XCBuildConfiguration section */

/* Begin XCConfigurationList section */
		AED5350F1A6F903500F27206 /* Build configuration list for PBXProject "DatePickerDemo" */ = {
			isa = XCConfigurationList;
			buildConfigurations = (
				AED535351A6F903500F27206 /* Debug */,
				AED535361A6F903500F27206 /* Release */,
			);
			defaultConfigurationIsVisible = 0;
			defaultConfigurationName = Release;
		};
		AED535371A6F903500F27206 /* Build configuration list for PBXNativeTarget "DatePickerDemo" */ = {
			isa = XCConfigurationList;
			buildConfigurations = (
				AED535381A6F903500F27206 /* Debug */,
				AED535391A6F903500F27206 /* Release */,
			);
			defaultConfigurationIsVisible = 0;
		};
		AED5353A1A6F903500F27206 /* Build configuration list for PBXNativeTarget "DatePickerDemoTests" */ = {
			isa = XCConfigurationList;
			buildConfigurations = (
				AED5353B1A6F903500F27206 /* Debug */,
				AED5353C1A6F903500F27206 /* Release */,
			);
			defaultConfigurationIsVisible = 0;
		};
/* End XCConfigurationList section */
	};
	rootObject = AED5350C1A6F903500F27206 /* Project object */;
}
